
Microsoft Visual Studio Solution File, Format Version 12.00
# Visual Studio Version 17
VisualStudioVersion = 17.8.34316.72
MinimumVisualStudioVersion = 10.0.40219.1
Project("{FAE04EC0-301F-11D3-BF4B-00C04F79EFBC}") = "ShapeHeightRequest", "ShapeHeightRequest\ShapeHeightRequest.csproj", "{DE583C1B-8483-4C79-8AFB-8C3C3C108F0A}"
EndProject
Global
	GlobalSection(SolutionConfigurationPlatforms) = preSolution
		Debug|Any CPU = Debug|Any CPU
		Release|Any CPU = Release|Any CPU
	EndGlobalSection
	GlobalSection(ProjectConfigurationPlatforms) = postSolution
		{DE583C1B-8483-4C79-8AFB-8C3C3C108F0A}.Debug|Any CPU.ActiveCfg = Debug|Any CPU
		{DE583C1B-8483-4C79-8AFB-8C3C3C108F0A}.Debug|Any CPU.Build.0 = Debug|Any CPU
		{DE583C1B-8483-4C79-8AFB-8C3C3C108F0A}.Debug|Any CPU.Deploy.0 = Debug|Any CPU
		{DE583C1B-8483-4C79-8AFB-8C3C3C108F0A}.Release|Any CPU.ActiveCfg = Release|Any CPU
		{DE583C1B-8483-4C79-8AFB-8C3C3C108F0A}.Release|Any CPU.Build.0 = Release|Any CPU
		{DE583C1B-8483-4C79-8AFB-8C3C3C108F0A}.Release|Any CPU.Deploy.0 = Release|Any CPU
	EndGlobalSection
	GlobalSection(SolutionProperties) = preSolution
		HideSolutionNode = FALSE
	EndGlobalSection
	GlobalSection(ExtensibilityGlobals) = postSolution
		SolutionGuid = {5A61BC5D-49D7-4A68-A1C8-08F90659ABD0}
	EndGlobalSection
EndGlobal
